
Microsoft Visual Studio Solution File, Format Version 12.00
# Visual Studio Version 16
VisualStudioVersion = 16.0.30114.105
MinimumVisualStudioVersion = 10.0.40219.1
Project("{9A19103F-16F7-4668-BE54-9A1E7A4F7556}") = "payments", "payments.csproj", "{EE2C0533-0913-49C8-AFB8-17C05CC17B71}"
EndProject
Global
	GlobalSection(SolutionConfigurationPlatforms) = preSolution
		Debug|Any CPU = Debug|Any CPU
		Release|Any CPU = Release|Any CPU
	EndGlobalSection
	GlobalSection(ProjectConfigurationPlatforms) = postSolution
		{EE2C0533-0913-49C8-AFB8-17C05CC17B71}.Debug|Any CPU.ActiveCfg = Debug|Any CPU
		{EE2C0533-0913-49C8-AFB8-17C05CC17B71}.Debug|Any CPU.Build.0 = Debug|Any CPU
		{EE2C0533-0913-49C8-AFB8-17C05CC17B71}.Release|Any CPU.ActiveCfg = Release|Any CPU
		{EE2C0533-0913-49C8-AFB8-17C05CC17B71}.Release|Any CPU.Build.0 = Release|Any CPU
	EndGlobalSection
	GlobalSection(SolutionProperties) = preSolution
		HideSolutionNode = FALSE
	EndGlobalSection
	GlobalSection(ExtensibilityGlobals) = postSolution
		SolutionGuid = {56BF3EEB-4C2A-4321-97A0-F9C46717EFA2}
	EndGlobalSection
EndGlobal
