
Microsoft Visual Studio Solution File, Format Version 12.00
# Visual Studio Version 16
VisualStudioVersion = 16.0.30114.105
MinimumVisualStudioVersion = 10.0.40219.1
Project("{9A19103F-16F7-4668-BE54-9A1E7A4F7556}") = "Models", "Models\Models.csproj", "{6A55988C-327E-412D-B404-2C4ABAE695AF}"
EndProject
Project("{9A19103F-16F7-4668-BE54-9A1E7A4F7556}") = "priceperhour", "priceperhour\src\priceperhour.csproj", "{49019636-6CE9-4A25-894F-BB00FFE404A5}"
EndProject
Project("{9A19103F-16F7-4668-BE54-9A1E7A4F7556}") = "payments", "payments\src\payments.csproj", "{18DC340F-6DC2-4FC1-B5D4-2F8BE952042D}"
EndProject
Project("{9A19103F-16F7-4668-BE54-9A1E7A4F7556}") = "Get", "PaymentIntent\src\Get.csproj", "{1E92FC1A-8737-4776-A21D-B1C50A3D94BB}"
EndProject
Project("{9A19103F-16F7-4668-BE54-9A1E7A4F7556}") = "TranscribeUploadedFile.Tests", "transcribeaudiovideo.Tests\TranscribeUploadedFile.Tests.csproj", "{248DB56E-D16F-4EE0-858A-3F49F31F2C7E}"
EndProject
Project("{9A19103F-16F7-4668-BE54-9A1E7A4F7556}") = "TranscribeUpdateCustomVocabulary.Tests", "TranscribeUpdateCustomVocabulary.Tests\TranscribeUpdateCustomVocabulary.Tests.csproj", "{D81BC1D8-CB30-46C6-97C2-05EE411B325D}"
EndProject
Project("{9A19103F-16F7-4668-BE54-9A1E7A4F7556}") = "TranscribeUploadedFile2", "TranscribeUploadedFile2\src\TranscribeUploadedFile2.csproj", "{58A302B8-A986-48CB-90D1-E6EF757B19CE}"
EndProject
Project("{9A19103F-16F7-4668-BE54-9A1E7A4F7556}") = "TranscribeUpdateCustomVocabulary2", "TranscribeUpdateCustomVocabulary2\src\TranscribeUpdateCustomVocabulary2.csproj", "{EF45A555-46F0-4F8E-ABC4-45C47AA1EE71}"
EndProject
Global
	GlobalSection(SolutionConfigurationPlatforms) = preSolution
		Debug|Any CPU = Debug|Any CPU
		Release|Any CPU = Release|Any CPU
	EndGlobalSection
	GlobalSection(ProjectConfigurationPlatforms) = postSolution
		{6A55988C-327E-412D-B404-2C4ABAE695AF}.Debug|Any CPU.ActiveCfg = Debug|Any CPU
		{6A55988C-327E-412D-B404-2C4ABAE695AF}.Debug|Any CPU.Build.0 = Debug|Any CPU
		{6A55988C-327E-412D-B404-2C4ABAE695AF}.Release|Any CPU.ActiveCfg = Release|Any CPU
		{6A55988C-327E-412D-B404-2C4ABAE695AF}.Release|Any CPU.Build.0 = Release|Any CPU
		{49019636-6CE9-4A25-894F-BB00FFE404A5}.Debug|Any CPU.ActiveCfg = Debug|Any CPU
		{49019636-6CE9-4A25-894F-BB00FFE404A5}.Debug|Any CPU.Build.0 = Debug|Any CPU
		{49019636-6CE9-4A25-894F-BB00FFE404A5}.Release|Any CPU.ActiveCfg = Release|Any CPU
		{49019636-6CE9-4A25-894F-BB00FFE404A5}.Release|Any CPU.Build.0 = Release|Any CPU
		{18DC340F-6DC2-4FC1-B5D4-2F8BE952042D}.Debug|Any CPU.ActiveCfg = Debug|Any CPU
		{18DC340F-6DC2-4FC1-B5D4-2F8BE952042D}.Debug|Any CPU.Build.0 = Debug|Any CPU
		{18DC340F-6DC2-4FC1-B5D4-2F8BE952042D}.Release|Any CPU.ActiveCfg = Release|Any CPU
		{18DC340F-6DC2-4FC1-B5D4-2F8BE952042D}.Release|Any CPU.Build.0 = Release|Any CPU
		{1E92FC1A-8737-4776-A21D-B1C50A3D94BB}.Debug|Any CPU.ActiveCfg = Debug|Any CPU
		{1E92FC1A-8737-4776-A21D-B1C50A3D94BB}.Debug|Any CPU.Build.0 = Debug|Any CPU
		{1E92FC1A-8737-4776-A21D-B1C50A3D94BB}.Release|Any CPU.ActiveCfg = Release|Any CPU
		{1E92FC1A-8737-4776-A21D-B1C50A3D94BB}.Release|Any CPU.Build.0 = Release|Any CPU
		{248DB56E-D16F-4EE0-858A-3F49F31F2C7E}.Debug|Any CPU.ActiveCfg = Debug|Any CPU
		{248DB56E-D16F-4EE0-858A-3F49F31F2C7E}.Debug|Any CPU.Build.0 = Debug|Any CPU
		{248DB56E-D16F-4EE0-858A-3F49F31F2C7E}.Release|Any CPU.ActiveCfg = Release|Any CPU
		{248DB56E-D16F-4EE0-858A-3F49F31F2C7E}.Release|Any CPU.Build.0 = Release|Any CPU
		{D81BC1D8-CB30-46C6-97C2-05EE411B325D}.Debug|Any CPU.ActiveCfg = Debug|Any CPU
		{D81BC1D8-CB30-46C6-97C2-05EE411B325D}.Debug|Any CPU.Build.0 = Debug|Any CPU
		{D81BC1D8-CB30-46C6-97C2-05EE411B325D}.Release|Any CPU.ActiveCfg = Release|Any CPU
		{D81BC1D8-CB30-46C6-97C2-05EE411B325D}.Release|Any CPU.Build.0 = Release|Any CPU
		{58A302B8-A986-48CB-90D1-E6EF757B19CE}.Debug|Any CPU.ActiveCfg = Debug|Any CPU
		{58A302B8-A986-48CB-90D1-E6EF757B19CE}.Debug|Any CPU.Build.0 = Debug|Any CPU
		{58A302B8-A986-48CB-90D1-E6EF757B19CE}.Release|Any CPU.ActiveCfg = Release|Any CPU
		{58A302B8-A986-48CB-90D1-E6EF757B19CE}.Release|Any CPU.Build.0 = Release|Any CPU
		{EF45A555-46F0-4F8E-ABC4-45C47AA1EE71}.Debug|Any CPU.ActiveCfg = Debug|Any CPU
		{EF45A555-46F0-4F8E-ABC4-45C47AA1EE71}.Debug|Any CPU.Build.0 = Debug|Any CPU
		{EF45A555-46F0-4F8E-ABC4-45C47AA1EE71}.Release|Any CPU.ActiveCfg = Release|Any CPU
		{EF45A555-46F0-4F8E-ABC4-45C47AA1EE71}.Release|Any CPU.Build.0 = Release|Any CPU
	EndGlobalSection
	GlobalSection(SolutionProperties) = preSolution
		HideSolutionNode = FALSE
	EndGlobalSection
	GlobalSection(ExtensibilityGlobals) = postSolution
		SolutionGuid = {56BF3EEB-4C2A-4321-97A0-F9C46717EFA2}
	EndGlobalSection
EndGlobal
